
Microsoft Visual Studio Solution File, Format Version 12.00
# Visual Studio Version 16
VisualStudioVersion = 16.0.29728.190
MinimumVisualStudioVersion = 10.0.40219.1
Project("{FAE04EC0-301F-11D3-BF4B-00C04F79EFBC}") = "EasyCall", "EasyCall.csproj", "{CB3C330F-6C52-41D6-BDBC-1978C3440485}"
EndProject
Global
	GlobalSection(SolutionConfigurationPlatforms) = preSolution
		Debug|Any CPU = Debug|Any CPU
		Release|Any CPU = Release|Any CPU
	EndGlobalSection
	GlobalSection(ProjectConfigurationPlatforms) = postSolution
		{CB3C330F-6C52-41D6-BDBC-1978C3440485}.Debug|Any CPU.ActiveCfg = Debug|Any CPU
		{CB3C330F-6C52-41D6-BDBC-1978C3440485}.Debug|Any CPU.Build.0 = Debug|Any CPU
		{CB3C330F-6C52-41D6-BDBC-1978C3440485}.Release|Any CPU.ActiveCfg = Release|Any CPU
		{CB3C330F-6C52-41D6-BDBC-1978C3440485}.Release|Any CPU.Build.0 = Release|Any CPU
	EndGlobalSection
	GlobalSection(SolutionProperties) = preSolution
		HideSolutionNode = FALSE
	EndGlobalSection
	GlobalSection(ExtensibilityGlobals) = postSolution
		SolutionGuid = {36C0F849-2A20-4242-A452-D67B3D7BA902}
	EndGlobalSection
EndGlobal
